
Microsoft Visual Studio Solution File, Format Version 12.00
# Visual Studio Version 17
VisualStudioVersion = 17.14.36623.8 d17.14
MinimumVisualStudioVersion = 10.0.40219.1
Project("{FAE04EC0-301F-11D3-BF4B-00C04F79EFBC}") = "PetCare", "PetCare\PetCare.csproj", "{CF8CB7DC-4F26-4BED-A3A3-260C195348EE}"
EndProject
Global
	GlobalSection(SolutionConfigurationPlatforms) = preSolution
		Debug|Any CPU = Debug|Any CPU
		Release|Any CPU = Release|Any CPU
	EndGlobalSection
	GlobalSection(ProjectConfigurationPlatforms) = postSolution
		{CF8CB7DC-4F26-4BED-A3A3-260C195348EE}.Debug|Any CPU.ActiveCfg = Debug|Any CPU
		{CF8CB7DC-4F26-4BED-A3A3-260C195348EE}.Debug|Any CPU.Build.0 = Debug|Any CPU
		{CF8CB7DC-4F26-4BED-A3A3-260C195348EE}.Release|Any CPU.ActiveCfg = Release|Any CPU
		{CF8CB7DC-4F26-4BED-A3A3-260C195348EE}.Release|Any CPU.Build.0 = Release|Any CPU
	EndGlobalSection
	GlobalSection(SolutionProperties) = preSolution
		HideSolutionNode = FALSE
	EndGlobalSection
	GlobalSection(ExtensibilityGlobals) = postSolution
		SolutionGuid = {C820983C-0D70-45F0-8DC8-ED4538B8564A}
	EndGlobalSection
EndGlobal
